
Microsoft Visual Studio Solution File, Format Version 12.00
# Visual Studio Version 16
VisualStudioVersion = 16.0.29613.14
MinimumVisualStudioVersion = 10.0.40219.1
Project("{9A19103F-16F7-4668-BE54-9A1E7A4F7556}") = "CompanySite", "CompanySite\CompanySite.csproj", "{20343525-5BE8-405C-9EC5-C68631136266}"
EndProject
Global
	GlobalSection(SolutionConfigurationPlatforms) = preSolution
		Debug|Any CPU = Debug|Any CPU
		Release|Any CPU = Release|Any CPU
	EndGlobalSection
	GlobalSection(ProjectConfigurationPlatforms) = postSolution
		{20343525-5BE8-405C-9EC5-C68631136266}.Debug|Any CPU.ActiveCfg = Debug|Any CPU
		{20343525-5BE8-405C-9EC5-C68631136266}.Debug|Any CPU.Build.0 = Debug|Any CPU
		{20343525-5BE8-405C-9EC5-C68631136266}.Release|Any CPU.ActiveCfg = Release|Any CPU
		{20343525-5BE8-405C-9EC5-C68631136266}.Release|Any CPU.Build.0 = Release|Any CPU
	EndGlobalSection
	GlobalSection(SolutionProperties) = preSolution
		HideSolutionNode = FALSE
	EndGlobalSection
	GlobalSection(ExtensibilityGlobals) = postSolution
		SolutionGuid = {596E6351-A08F-41ED-BC29-7319E6632E8C}
	EndGlobalSection
EndGlobal
